
Microsoft Visual Studio Solution File, Format Version 12.00
# Visual Studio Version 17
VisualStudioVersion = 17.4.33213.308
MinimumVisualStudioVersion = 10.0.40219.1
Project("{FAE04EC0-301F-11D3-BF4B-00C04F79EFBC}") = "Functions", "Functions\Functions.csproj", "{3ADEF29A-F8E9-4235-82D9-EC133F461157}"
EndProject
Project("{FAE04EC0-301F-11D3-BF4B-00C04F79EFBC}") = "ArgumentsAndParameters", "ArgumentsAndParameters\ArgumentsAndParameters.csproj", "{057D5D12-4C4E-4574-9134-E172D7535948}"
EndProject
Project("{FAE04EC0-301F-11D3-BF4B-00C04F79EFBC}") = "Calculator", "Calculator\Calculator.csproj", "{785720EC-22D2-4165-B479-E5B11BF58741}"
EndProject
Project("{FAE04EC0-301F-11D3-BF4B-00C04F79EFBC}") = "DiscountCalculator", "DiscountCalculator\DiscountCalculator.csproj", "{5484448C-8A4B-439A-BAF6-5FC3CEC30E37}"
EndProject
Global
	GlobalSection(SolutionConfigurationPlatforms) = preSolution
		Debug|Any CPU = Debug|Any CPU
		Release|Any CPU = Release|Any CPU
	EndGlobalSection
	GlobalSection(ProjectConfigurationPlatforms) = postSolution
		{3ADEF29A-F8E9-4235-82D9-EC133F461157}.Debug|Any CPU.ActiveCfg = Debug|Any CPU
		{3ADEF29A-F8E9-4235-82D9-EC133F461157}.Debug|Any CPU.Build.0 = Debug|Any CPU
		{3ADEF29A-F8E9-4235-82D9-EC133F461157}.Release|Any CPU.ActiveCfg = Release|Any CPU
		{3ADEF29A-F8E9-4235-82D9-EC133F461157}.Release|Any CPU.Build.0 = Release|Any CPU
		{057D5D12-4C4E-4574-9134-E172D7535948}.Debug|Any CPU.ActiveCfg = Debug|Any CPU
		{057D5D12-4C4E-4574-9134-E172D7535948}.Debug|Any CPU.Build.0 = Debug|Any CPU
		{057D5D12-4C4E-4574-9134-E172D7535948}.Release|Any CPU.ActiveCfg = Release|Any CPU
		{057D5D12-4C4E-4574-9134-E172D7535948}.Release|Any CPU.Build.0 = Release|Any CPU
		{785720EC-22D2-4165-B479-E5B11BF58741}.Debug|Any CPU.ActiveCfg = Debug|Any CPU
		{785720EC-22D2-4165-B479-E5B11BF58741}.Debug|Any CPU.Build.0 = Debug|Any CPU
		{785720EC-22D2-4165-B479-E5B11BF58741}.Release|Any CPU.ActiveCfg = Release|Any CPU
		{785720EC-22D2-4165-B479-E5B11BF58741}.Release|Any CPU.Build.0 = Release|Any CPU
		{5484448C-8A4B-439A-BAF6-5FC3CEC30E37}.Debug|Any CPU.ActiveCfg = Debug|Any CPU
		{5484448C-8A4B-439A-BAF6-5FC3CEC30E37}.Debug|Any CPU.Build.0 = Debug|Any CPU
		{5484448C-8A4B-439A-BAF6-5FC3CEC30E37}.Release|Any CPU.ActiveCfg = Release|Any CPU
		{5484448C-8A4B-439A-BAF6-5FC3CEC30E37}.Release|Any CPU.Build.0 = Release|Any CPU
	EndGlobalSection
	GlobalSection(SolutionProperties) = preSolution
		HideSolutionNode = FALSE
	EndGlobalSection
	GlobalSection(ExtensibilityGlobals) = postSolution
		SolutionGuid = {93526134-139D-44D7-BDBC-E276DA2C6203}
	EndGlobalSection
EndGlobal
